
Microsoft Visual Studio Solution File, Format Version 12.00
# Visual Studio Version 17
VisualStudioVersion = 17.3.32804.467
MinimumVisualStudioVersion = 10.0.40219.1
Project("{2150E333-8FDC-42A3-9474-1A3956D46DE8}") = "src", "src", "{8A4F91F0-8B9F-4EE9-86F8-24F14ED847AB}"
EndProject
Project("{2150E333-8FDC-42A3-9474-1A3956D46DE8}") = "corepackages", "corepackages", "{CCFA3E13-E61D-42E6-8F6D-57D2ECE9B745}"
EndProject
Project("{9A19103F-16F7-4668-BE54-9A1E7A4F7556}") = "Core.Application", "src\corePackages\Core.Application\Core.Application.csproj", "{FFBD3445-2A61-41D6-987C-77A784935618}"
EndProject
Project("{9A19103F-16F7-4668-BE54-9A1E7A4F7556}") = "Core.CrossCuttingConcerns", "src\corePackages\Core.CrossCuttingConcers\Core.CrossCuttingConcerns.csproj", "{C7903FA5-DC47-4F2F-BFED-C8954DA962D5}"
EndProject
Project("{9A19103F-16F7-4668-BE54-9A1E7A4F7556}") = "Core.ElasticSearch", "src\corePackages\Core.ElasticSearch\Core.ElasticSearch.csproj", "{7079A5DF-E3F8-4890-A1B8-2EA1FC183738}"
EndProject
Project("{9A19103F-16F7-4668-BE54-9A1E7A4F7556}") = "Core.Mailing", "src\corePackages\Core.Mailing\Core.Mailing.csproj", "{782713F1-9E89-4F48-A49F-4A1136CA4012}"
EndProject
Project("{9A19103F-16F7-4668-BE54-9A1E7A4F7556}") = "Core.Persistence", "src\corePackages\Core.Persistence\Core.Persistence.csproj", "{8BFB3B2C-321F-4825-A504-CBAE839DABB9}"
EndProject
Project("{9A19103F-16F7-4668-BE54-9A1E7A4F7556}") = "Core.Security", "src\corePackages\Core.Security\Core.Security.csproj", "{547C9AD9-FBC3-4B7C-BF69-0C3746D11DC2}"
EndProject
Project("{2150E333-8FDC-42A3-9474-1A3956D46DE8}") = "kodlama.io.Devs", "kodlama.io.Devs", "{4A4FB482-2961-4D11-A6F7-88F982EF4053}"
EndProject
Project("{9A19103F-16F7-4668-BE54-9A1E7A4F7556}") = "Kodlama.io.Devs.Application", "src\kodlama.io.Devs\Kodlama.io.Devs.Application\Kodlama.io.Devs.Application.csproj", "{BC5A6A13-C733-4E8A-9FC4-90BD57961DEF}"
EndProject
Project("{9A19103F-16F7-4668-BE54-9A1E7A4F7556}") = "Kodlama.io.Devs.Domain", "src\kodlama.io.Devs\Kodlama.io.Devs.Domain\Kodlama.io.Devs.Domain.csproj", "{0DF6A35F-2834-4BDF-8E55-33A0070172C6}"
EndProject
Project("{9A19103F-16F7-4668-BE54-9A1E7A4F7556}") = "Kodlama.io.Devs.Infrastructure", "src\kodlama.io.Devs\Kodlama.io.Devs.Infrastructure\Kodlama.io.Devs.Infrastructure.csproj", "{5FFFADF7-EB08-471C-A2FF-1B137AE944A0}"
EndProject
Project("{9A19103F-16F7-4668-BE54-9A1E7A4F7556}") = "Kodlama.io.Devs.Persistance", "src\kodlama.io.Devs\Kodlama.io.Devs.Persistance\Kodlama.io.Devs.Persistance.csproj", "{871D2F2E-5F23-4E31-AC86-978816062524}"
EndProject
Project("{9A19103F-16F7-4668-BE54-9A1E7A4F7556}") = "Kodlama.io.Devs.WebAPI", "src\kodlama.io.Devs\Kodlama.io.Devs.WebAPI\Kodlama.io.Devs.WebAPI.csproj", "{E1F33F96-6AB3-4D1D-9CEB-8B63D0E6DC53}"
EndProject
Global
	GlobalSection(SolutionConfigurationPlatforms) = preSolution
		Debug|Any CPU = Debug|Any CPU
		Release|Any CPU = Release|Any CPU
	EndGlobalSection
	GlobalSection(ProjectConfigurationPlatforms) = postSolution
		{FFBD3445-2A61-41D6-987C-77A784935618}.Debug|Any CPU.ActiveCfg = Debug|Any CPU
		{FFBD3445-2A61-41D6-987C-77A784935618}.Debug|Any CPU.Build.0 = Debug|Any CPU
		{FFBD3445-2A61-41D6-987C-77A784935618}.Release|Any CPU.ActiveCfg = Release|Any CPU
		{FFBD3445-2A61-41D6-987C-77A784935618}.Release|Any CPU.Build.0 = Release|Any CPU
		{C7903FA5-DC47-4F2F-BFED-C8954DA962D5}.Debug|Any CPU.ActiveCfg = Debug|Any CPU
		{C7903FA5-DC47-4F2F-BFED-C8954DA962D5}.Debug|Any CPU.Build.0 = Debug|Any CPU
		{C7903FA5-DC47-4F2F-BFED-C8954DA962D5}.Release|Any CPU.ActiveCfg = Release|Any CPU
		{C7903FA5-DC47-4F2F-BFED-C8954DA962D5}.Release|Any CPU.Build.0 = Release|Any CPU
		{7079A5DF-E3F8-4890-A1B8-2EA1FC183738}.Debug|Any CPU.ActiveCfg = Debug|Any CPU
		{7079A5DF-E3F8-4890-A1B8-2EA1FC183738}.Debug|Any CPU.Build.0 = Debug|Any CPU
		{7079A5DF-E3F8-4890-A1B8-2EA1FC183738}.Release|Any CPU.ActiveCfg = Release|Any CPU
		{7079A5DF-E3F8-4890-A1B8-2EA1FC183738}.Release|Any CPU.Build.0 = Release|Any CPU
		{782713F1-9E89-4F48-A49F-4A1136CA4012}.Debug|Any CPU.ActiveCfg = Debug|Any CPU
		{782713F1-9E89-4F48-A49F-4A1136CA4012}.Debug|Any CPU.Build.0 = Debug|Any CPU
		{782713F1-9E89-4F48-A49F-4A1136CA4012}.Release|Any CPU.ActiveCfg = Release|Any CPU
		{782713F1-9E89-4F48-A49F-4A1136CA4012}.Release|Any CPU.Build.0 = Release|Any CPU
		{8BFB3B2C-321F-4825-A504-CBAE839DABB9}.Debug|Any CPU.ActiveCfg = Debug|Any CPU
		{8BFB3B2C-321F-4825-A504-CBAE839DABB9}.Debug|Any CPU.Build.0 = Debug|Any CPU
		{8BFB3B2C-321F-4825-A504-CBAE839DABB9}.Release|Any CPU.ActiveCfg = Release|Any CPU
		{8BFB3B2C-321F-4825-A504-CBAE839DABB9}.Release|Any CPU.Build.0 = Release|Any CPU
		{547C9AD9-FBC3-4B7C-BF69-0C3746D11DC2}.Debug|Any CPU.ActiveCfg = Debug|Any CPU
		{547C9AD9-FBC3-4B7C-BF69-0C3746D11DC2}.Debug|Any CPU.Build.0 = Debug|Any CPU
		{547C9AD9-FBC3-4B7C-BF69-0C3746D11DC2}.Release|Any CPU.ActiveCfg = Release|Any CPU
		{547C9AD9-FBC3-4B7C-BF69-0C3746D11DC2}.Release|Any CPU.Build.0 = Release|Any CPU
		{BC5A6A13-C733-4E8A-9FC4-90BD57961DEF}.Debug|Any CPU.ActiveCfg = Debug|Any CPU
		{BC5A6A13-C733-4E8A-9FC4-90BD57961DEF}.Debug|Any CPU.Build.0 = Debug|Any CPU
		{BC5A6A13-C733-4E8A-9FC4-90BD57961DEF}.Release|Any CPU.ActiveCfg = Release|Any CPU
		{BC5A6A13-C733-4E8A-9FC4-90BD57961DEF}.Release|Any CPU.Build.0 = Release|Any CPU
		{0DF6A35F-2834-4BDF-8E55-33A0070172C6}.Debug|Any CPU.ActiveCfg = Debug|Any CPU
		{0DF6A35F-2834-4BDF-8E55-33A0070172C6}.Debug|Any CPU.Build.0 = Debug|Any CPU
		{0DF6A35F-2834-4BDF-8E55-33A0070172C6}.Release|Any CPU.ActiveCfg = Release|Any CPU
		{0DF6A35F-2834-4BDF-8E55-33A0070172C6}.Release|Any CPU.Build.0 = Release|Any CPU
		{5FFFADF7-EB08-471C-A2FF-1B137AE944A0}.Debug|Any CPU.ActiveCfg = Debug|Any CPU
		{5FFFADF7-EB08-471C-A2FF-1B137AE944A0}.Debug|Any CPU.Build.0 = Debug|Any CPU
		{5FFFADF7-EB08-471C-A2FF-1B137AE944A0}.Release|Any CPU.ActiveCfg = Release|Any CPU
		{5FFFADF7-EB08-471C-A2FF-1B137AE944A0}.Release|Any CPU.Build.0 = Release|Any CPU
		{871D2F2E-5F23-4E31-AC86-978816062524}.Debug|Any CPU.ActiveCfg = Debug|Any CPU
		{871D2F2E-5F23-4E31-AC86-978816062524}.Debug|Any CPU.Build.0 = Debug|Any CPU
		{871D2F2E-5F23-4E31-AC86-978816062524}.Release|Any CPU.ActiveCfg = Release|Any CPU
		{871D2F2E-5F23-4E31-AC86-978816062524}.Release|Any CPU.Build.0 = Release|Any CPU
		{E1F33F96-6AB3-4D1D-9CEB-8B63D0E6DC53}.Debug|Any CPU.ActiveCfg = Debug|Any CPU
		{E1F33F96-6AB3-4D1D-9CEB-8B63D0E6DC53}.Debug|Any CPU.Build.0 = Debug|Any CPU
		{E1F33F96-6AB3-4D1D-9CEB-8B63D0E6DC53}.Release|Any CPU.ActiveCfg = Release|Any CPU
		{E1F33F96-6AB3-4D1D-9CEB-8B63D0E6DC53}.Release|Any CPU.Build.0 = Release|Any CPU
	EndGlobalSection
	GlobalSection(SolutionProperties) = preSolution
		HideSolutionNode = FALSE
	EndGlobalSection
	GlobalSection(NestedProjects) = preSolution
		{CCFA3E13-E61D-42E6-8F6D-57D2ECE9B745} = {8A4F91F0-8B9F-4EE9-86F8-24F14ED847AB}
		{FFBD3445-2A61-41D6-987C-77A784935618} = {CCFA3E13-E61D-42E6-8F6D-57D2ECE9B745}
		{C7903FA5-DC47-4F2F-BFED-C8954DA962D5} = {CCFA3E13-E61D-42E6-8F6D-57D2ECE9B745}
		{7079A5DF-E3F8-4890-A1B8-2EA1FC183738} = {CCFA3E13-E61D-42E6-8F6D-57D2ECE9B745}
		{782713F1-9E89-4F48-A49F-4A1136CA4012} = {CCFA3E13-E61D-42E6-8F6D-57D2ECE9B745}
		{8BFB3B2C-321F-4825-A504-CBAE839DABB9} = {CCFA3E13-E61D-42E6-8F6D-57D2ECE9B745}
		{547C9AD9-FBC3-4B7C-BF69-0C3746D11DC2} = {CCFA3E13-E61D-42E6-8F6D-57D2ECE9B745}
		{4A4FB482-2961-4D11-A6F7-88F982EF4053} = {8A4F91F0-8B9F-4EE9-86F8-24F14ED847AB}
		{BC5A6A13-C733-4E8A-9FC4-90BD57961DEF} = {4A4FB482-2961-4D11-A6F7-88F982EF4053}
		{0DF6A35F-2834-4BDF-8E55-33A0070172C6} = {4A4FB482-2961-4D11-A6F7-88F982EF4053}
		{5FFFADF7-EB08-471C-A2FF-1B137AE944A0} = {4A4FB482-2961-4D11-A6F7-88F982EF4053}
		{871D2F2E-5F23-4E31-AC86-978816062524} = {4A4FB482-2961-4D11-A6F7-88F982EF4053}
		{E1F33F96-6AB3-4D1D-9CEB-8B63D0E6DC53} = {4A4FB482-2961-4D11-A6F7-88F982EF4053}
	EndGlobalSection
	GlobalSection(ExtensibilityGlobals) = postSolution
		SolutionGuid = {419F8214-53B9-4E5E-80F8-D61BF87E81B8}
	EndGlobalSection
EndGlobal
